
Microsoft Visual Studio Solution File, Format Version 12.00
# Visual Studio Version 17
VisualStudioVersion = 17.14.36212.18 d17.14
MinimumVisualStudioVersion = 10.0.40219.1
Project("{F184B08F-C81C-45F6-A57F-5ABD9991F28F}") = "Practico1", "Practico1.vbproj", "{C649D9AB-C796-41EE-9E92-28DEAB812E0B}"
EndProject
Global
	GlobalSection(SolutionConfigurationPlatforms) = preSolution
		Debug|Any CPU = Debug|Any CPU
		Release|Any CPU = Release|Any CPU
	EndGlobalSection
	GlobalSection(ProjectConfigurationPlatforms) = postSolution
		{C649D9AB-C796-41EE-9E92-28DEAB812E0B}.Debug|Any CPU.ActiveCfg = Debug|Any CPU
		{C649D9AB-C796-41EE-9E92-28DEAB812E0B}.Debug|Any CPU.Build.0 = Debug|Any CPU
		{C649D9AB-C796-41EE-9E92-28DEAB812E0B}.Release|Any CPU.ActiveCfg = Release|Any CPU
		{C649D9AB-C796-41EE-9E92-28DEAB812E0B}.Release|Any CPU.Build.0 = Release|Any CPU
	EndGlobalSection
	GlobalSection(SolutionProperties) = preSolution
		HideSolutionNode = FALSE
	EndGlobalSection
	GlobalSection(ExtensibilityGlobals) = postSolution
		SolutionGuid = {A4688D77-6476-4C61-BA7E-097C3A56EAD3}
	EndGlobalSection
EndGlobal
